
Microsoft Visual Studio Solution File, Format Version 12.00
# Visual Studio Version 17
VisualStudioVersion = 17.5.33502.453
MinimumVisualStudioVersion = 10.0.40219.1
Project("{FAE04EC0-301F-11D3-BF4B-00C04F79EFBC}") = "InhouseCore.Web.Server", "InhouseCore.Web\Server\InhouseCore.Web.Server.csproj", "{F0363045-2E42-4B57-86A6-BB6658E533CA}"
EndProject
Project("{FAE04EC0-301F-11D3-BF4B-00C04F79EFBC}") = "InhouseCore.Web.Client", "InhouseCore.Web\Client\InhouseCore.Web.Client.csproj", "{9B209A38-9541-496D-BE36-C12DC5403B5E}"
EndProject
Project("{FAE04EC0-301F-11D3-BF4B-00C04F79EFBC}") = "InhouseCore.Web.Shared", "InhouseCore.Web\Shared\InhouseCore.Web.Shared.csproj", "{1CF3FA1A-783E-4DD2-B334-5BAAD4B62BAC}"
EndProject
Project("{2150E333-8FDC-42A3-9474-1A3956D46DE8}") = "00 Solution Items", "00 Solution Items", "{508A05C2-2854-493D-8C3E-AC7AB43E8661}"
EndProject
Project("{2150E333-8FDC-42A3-9474-1A3956D46DE8}") = "01 Build", "01 Build", "{7AB67155-2AF0-46A2-B82B-CC503811970B}"
EndProject
Project("{2150E333-8FDC-42A3-9474-1A3956D46DE8}") = "02 Presentation", "02 Presentation", "{D3AB10B0-79B2-4417-81D3-657DF82AC364}"
EndProject
Project("{2150E333-8FDC-42A3-9474-1A3956D46DE8}") = "03 Core", "03 Core", "{8158B4CC-DC1E-42AD-B3BC-F7383B2FB66F}"
EndProject
Project("{2150E333-8FDC-42A3-9474-1A3956D46DE8}") = "04 Infrastructure", "04 Infrastructure", "{B24B6531-1D41-4431-BC2B-E22AF485D7C8}"
EndProject
Project("{2150E333-8FDC-42A3-9474-1A3956D46DE8}") = "05 Common", "05 Common", "{90A57987-72E3-45D4-8843-2CAB23B47890}"
EndProject
Project("{2150E333-8FDC-42A3-9474-1A3956D46DE8}") = "06 Tests", "06 Tests", "{F54A9598-5B37-4E6F-9713-193D85A5CF5F}"
EndProject
Project("{2150E333-8FDC-42A3-9474-1A3956D46DE8}") = "WebApp", "WebApp", "{8999FF2D-AEC9-432E-92ED-A90C39DF0188}"
EndProject
Project("{2150E333-8FDC-42A3-9474-1A3956D46DE8}") = "DiscordApp", "DiscordApp", "{4DE57A40-1FE1-4DE5-9C54-95D844283C3C}"
EndProject
Project("{FAE04EC0-301F-11D3-BF4B-00C04F79EFBC}") = "InhouseCore.Discord", "InhouseCore.Discord\InhouseCore.Discord.csproj", "{E897E9CC-AA87-4A1B-9E5B-AF390B2E97A4}"
EndProject
Project("{FAE04EC0-301F-11D3-BF4B-00C04F79EFBC}") = "InhouseCore.Application", "InhouseCore.Application\InhouseCore.Application.csproj", "{C0970EA8-ACAA-4B59-AD04-B1530CC86B17}"
EndProject
Project("{FAE04EC0-301F-11D3-BF4B-00C04F79EFBC}") = "InhouseCore.Domain", "InhouseCore.Domain\InhouseCore.Domain.csproj", "{88ADD4EA-88A7-4D27-9965-1AD9A1204B62}"
EndProject
Project("{FAE04EC0-301F-11D3-BF4B-00C04F79EFBC}") = "InhouseCore.Persistence.Sqlite", "InhouseCore.Persistence.Sqlite\InhouseCore.Persistence.Sqlite.csproj", "{47F16EF2-497D-470B-8560-E332FF4EB721}"
EndProject
Project("{FAE04EC0-301F-11D3-BF4B-00C04F79EFBC}") = "InhouseCore.Common", "InhouseCore.Common\InhouseCore.Common.csproj", "{6D6F8008-EB4F-4FDC-ABB9-F3FB15928786}"
EndProject
Project("{FAE04EC0-301F-11D3-BF4B-00C04F79EFBC}") = "InhouseCore.UnitTests", "InhouseCore.UnitTests\InhouseCore.UnitTests.csproj", "{0F9CA497-14A8-44D7-A638-3A9094ACDEBF}"
EndProject
Global
	GlobalSection(SolutionConfigurationPlatforms) = preSolution
		Debug|Any CPU = Debug|Any CPU
		Release|Any CPU = Release|Any CPU
	EndGlobalSection
	GlobalSection(ProjectConfigurationPlatforms) = postSolution
		{F0363045-2E42-4B57-86A6-BB6658E533CA}.Debug|Any CPU.ActiveCfg = Debug|Any CPU
		{F0363045-2E42-4B57-86A6-BB6658E533CA}.Debug|Any CPU.Build.0 = Debug|Any CPU
		{F0363045-2E42-4B57-86A6-BB6658E533CA}.Release|Any CPU.ActiveCfg = Release|Any CPU
		{F0363045-2E42-4B57-86A6-BB6658E533CA}.Release|Any CPU.Build.0 = Release|Any CPU
		{9B209A38-9541-496D-BE36-C12DC5403B5E}.Debug|Any CPU.ActiveCfg = Debug|Any CPU
		{9B209A38-9541-496D-BE36-C12DC5403B5E}.Debug|Any CPU.Build.0 = Debug|Any CPU
		{9B209A38-9541-496D-BE36-C12DC5403B5E}.Release|Any CPU.ActiveCfg = Release|Any CPU
		{9B209A38-9541-496D-BE36-C12DC5403B5E}.Release|Any CPU.Build.0 = Release|Any CPU
		{1CF3FA1A-783E-4DD2-B334-5BAAD4B62BAC}.Debug|Any CPU.ActiveCfg = Debug|Any CPU
		{1CF3FA1A-783E-4DD2-B334-5BAAD4B62BAC}.Debug|Any CPU.Build.0 = Debug|Any CPU
		{1CF3FA1A-783E-4DD2-B334-5BAAD4B62BAC}.Release|Any CPU.ActiveCfg = Release|Any CPU
		{1CF3FA1A-783E-4DD2-B334-5BAAD4B62BAC}.Release|Any CPU.Build.0 = Release|Any CPU
		{E897E9CC-AA87-4A1B-9E5B-AF390B2E97A4}.Debug|Any CPU.ActiveCfg = Debug|Any CPU
		{E897E9CC-AA87-4A1B-9E5B-AF390B2E97A4}.Debug|Any CPU.Build.0 = Debug|Any CPU
		{E897E9CC-AA87-4A1B-9E5B-AF390B2E97A4}.Release|Any CPU.ActiveCfg = Release|Any CPU
		{E897E9CC-AA87-4A1B-9E5B-AF390B2E97A4}.Release|Any CPU.Build.0 = Release|Any CPU
		{C0970EA8-ACAA-4B59-AD04-B1530CC86B17}.Debug|Any CPU.ActiveCfg = Debug|Any CPU
		{C0970EA8-ACAA-4B59-AD04-B1530CC86B17}.Debug|Any CPU.Build.0 = Debug|Any CPU
		{C0970EA8-ACAA-4B59-AD04-B1530CC86B17}.Release|Any CPU.ActiveCfg = Release|Any CPU
		{C0970EA8-ACAA-4B59-AD04-B1530CC86B17}.Release|Any CPU.Build.0 = Release|Any CPU
		{88ADD4EA-88A7-4D27-9965-1AD9A1204B62}.Debug|Any CPU.ActiveCfg = Debug|Any CPU
		{88ADD4EA-88A7-4D27-9965-1AD9A1204B62}.Debug|Any CPU.Build.0 = Debug|Any CPU
		{88ADD4EA-88A7-4D27-9965-1AD9A1204B62}.Release|Any CPU.ActiveCfg = Release|Any CPU
		{88ADD4EA-88A7-4D27-9965-1AD9A1204B62}.Release|Any CPU.Build.0 = Release|Any CPU
		{47F16EF2-497D-470B-8560-E332FF4EB721}.Debug|Any CPU.ActiveCfg = Debug|Any CPU
		{47F16EF2-497D-470B-8560-E332FF4EB721}.Debug|Any CPU.Build.0 = Debug|Any CPU
		{47F16EF2-497D-470B-8560-E332FF4EB721}.Release|Any CPU.ActiveCfg = Release|Any CPU
		{47F16EF2-497D-470B-8560-E332FF4EB721}.Release|Any CPU.Build.0 = Release|Any CPU
		{6D6F8008-EB4F-4FDC-ABB9-F3FB15928786}.Debug|Any CPU.ActiveCfg = Debug|Any CPU
		{6D6F8008-EB4F-4FDC-ABB9-F3FB15928786}.Debug|Any CPU.Build.0 = Debug|Any CPU
		{6D6F8008-EB4F-4FDC-ABB9-F3FB15928786}.Release|Any CPU.ActiveCfg = Release|Any CPU
		{6D6F8008-EB4F-4FDC-ABB9-F3FB15928786}.Release|Any CPU.Build.0 = Release|Any CPU
		{0F9CA497-14A8-44D7-A638-3A9094ACDEBF}.Debug|Any CPU.ActiveCfg = Debug|Any CPU
		{0F9CA497-14A8-44D7-A638-3A9094ACDEBF}.Debug|Any CPU.Build.0 = Debug|Any CPU
		{0F9CA497-14A8-44D7-A638-3A9094ACDEBF}.Release|Any CPU.ActiveCfg = Release|Any CPU
		{0F9CA497-14A8-44D7-A638-3A9094ACDEBF}.Release|Any CPU.Build.0 = Release|Any CPU
	EndGlobalSection
	GlobalSection(SolutionProperties) = preSolution
		HideSolutionNode = FALSE
	EndGlobalSection
	GlobalSection(NestedProjects) = preSolution
		{F0363045-2E42-4B57-86A6-BB6658E533CA} = {8999FF2D-AEC9-432E-92ED-A90C39DF0188}
		{9B209A38-9541-496D-BE36-C12DC5403B5E} = {8999FF2D-AEC9-432E-92ED-A90C39DF0188}
		{1CF3FA1A-783E-4DD2-B334-5BAAD4B62BAC} = {8999FF2D-AEC9-432E-92ED-A90C39DF0188}
		{8999FF2D-AEC9-432E-92ED-A90C39DF0188} = {D3AB10B0-79B2-4417-81D3-657DF82AC364}
		{4DE57A40-1FE1-4DE5-9C54-95D844283C3C} = {D3AB10B0-79B2-4417-81D3-657DF82AC364}
		{E897E9CC-AA87-4A1B-9E5B-AF390B2E97A4} = {4DE57A40-1FE1-4DE5-9C54-95D844283C3C}
		{C0970EA8-ACAA-4B59-AD04-B1530CC86B17} = {8158B4CC-DC1E-42AD-B3BC-F7383B2FB66F}
		{88ADD4EA-88A7-4D27-9965-1AD9A1204B62} = {8158B4CC-DC1E-42AD-B3BC-F7383B2FB66F}
		{47F16EF2-497D-470B-8560-E332FF4EB721} = {B24B6531-1D41-4431-BC2B-E22AF485D7C8}
		{6D6F8008-EB4F-4FDC-ABB9-F3FB15928786} = {90A57987-72E3-45D4-8843-2CAB23B47890}
		{0F9CA497-14A8-44D7-A638-3A9094ACDEBF} = {F54A9598-5B37-4E6F-9713-193D85A5CF5F}
	EndGlobalSection
	GlobalSection(ExtensibilityGlobals) = postSolution
		SolutionGuid = {337E1B02-3052-422C-9968-42EF0A4692EE}
	EndGlobalSection
EndGlobal
