
Microsoft Visual Studio Solution File, Format Version 12.00
# Visual Studio Version 17
VisualStudioVersion = 17.8.34330.188
MinimumVisualStudioVersion = 10.0.40219.1
Project("{2150E333-8FDC-42A3-9474-1A3956D46DE8}") = ".solution items", ".solution items", "{6EE7E364-95CA-49D3-A690-9ADF32E1A2F3}"
	ProjectSection(SolutionItems) = preProject
		.gitignore = .gitignore
		Color Palette.pdn = Color Palette.pdn
		Color Palette.png = Color Palette.png
		LICENSE = LICENSE
		readme.md = readme.md
	EndProjectSection
EndProject
Project("{2150E333-8FDC-42A3-9474-1A3956D46DE8}") = "Documentation", "Documentation", "{3FAF4C0E-EE11-462F-B392-AD316B128925}"
	ProjectSection(SolutionItems) = preProject
		Documentation\adr.md = Documentation\adr.md
		Documentation\contributing.md = Documentation\contributing.md
		Documentation\guidelines.md = Documentation\guidelines.md
	EndProjectSection
EndProject
Project("{2150E333-8FDC-42A3-9474-1A3956D46DE8}") = "DevProcess", "DevProcess", "{D24AEC28-E316-4806-8D67-25DBEBDFAB5F}"
	ProjectSection(SolutionItems) = preProject
		Documentation\DevProcess\documenting.md = Documentation\DevProcess\documenting.md
		Documentation\DevProcess\externaltools.md = Documentation\DevProcess\externaltools.md
	EndProjectSection
EndProject
Project("{2150E333-8FDC-42A3-9474-1A3956D46DE8}") = "External", "External", "{1FE75E15-96E3-4D71-B261-0BEE661AB24F}"
	ProjectSection(SolutionItems) = preProject
		Documentation\DevProcess\External\nginx.md = Documentation\DevProcess\External\nginx.md
		Documentation\DevProcess\External\redis.md = Documentation\DevProcess\External\redis.md
	EndProjectSection
EndProject
Project("{2150E333-8FDC-42A3-9474-1A3956D46DE8}") = "_build", "_build", "{A03391D5-B158-4699-AB1E-6174B1FDCA23}"
EndProject
Project("{9A19103F-16F7-4668-BE54-9A1E7A4F7556}") = "Build", "build\Build.csproj", "{72B6BA55-D2A4-47C0-ACFB-F1CB7EBE409E}"
EndProject
Project("{2150E333-8FDC-42A3-9474-1A3956D46DE8}") = "core", "core", "{60171FE7-B64C-4A1F-AA88-A357A9B8E032}"
EndProject
Project("{9A19103F-16F7-4668-BE54-9A1E7A4F7556}") = "Application", "Application\Application.csproj", "{F0C5A4F8-339E-46E5-9DC7-947EF290AF97}"
EndProject
Project("{9A19103F-16F7-4668-BE54-9A1E7A4F7556}") = "Domain", "Domain\Domain.csproj", "{F667A12D-6F24-4DCC-8A83-D58F7878E638}"
EndProject
Project("{2150E333-8FDC-42A3-9474-1A3956D46DE8}") = "external", "external", "{89673E5C-BB19-458A-AEAA-FF05BA5CA0FA}"
EndProject
Project("{9A19103F-16F7-4668-BE54-9A1E7A4F7556}") = "Infrastructure", "Infrastructure\Infrastructure.csproj", "{AAAE1A73-CA5B-4931-A607-7760FE85C85B}"
EndProject
Project("{9A19103F-16F7-4668-BE54-9A1E7A4F7556}") = "Tests", "Tests\Tests.csproj", "{6094984C-66F7-4F05-A7EA-9A50B256D135}"
EndProject
Project("{9A19103F-16F7-4668-BE54-9A1E7A4F7556}") = "Host", "Host\Host.csproj", "{3CEB8486-1922-412A-B485-D9AED0910931}"
EndProject
Project("{9A19103F-16F7-4668-BE54-9A1E7A4F7556}") = "Host.Client", "Host.Client\Host.Client.csproj", "{AB1F0C9E-EFEE-49E8-98AA-C0D8DC6ED8F8}"
EndProject
Project("{9A19103F-16F7-4668-BE54-9A1E7A4F7556}") = "SharedKernel", "SharedKernel\SharedKernel.csproj", "{63306C1F-3D2D-419F-8B28-96B9B7C38693}"
EndProject
Project("{9A19103F-16F7-4668-BE54-9A1E7A4F7556}") = "Application.UnitTests", "Tests\Application.UnitTests\Application.UnitTests.csproj", "{0DBF7DD7-B82E-4846-871D-3499EA905ACE}"
EndProject
Project("{9A19103F-16F7-4668-BE54-9A1E7A4F7556}") = "Domain.UnitTests", "Tests\Domain.UnitTests\Domain.UnitTests.csproj", "{F5AC0D45-D594-4143-83A4-B6C94FED1D51}"
EndProject
Project("{9A19103F-16F7-4668-BE54-9A1E7A4F7556}") = "Infrastructure.UnitTests", "Tests\Infrastructure.UnitTests\Infrastructure.UnitTests.csproj", "{29EBB922-597B-48CA-A8BE-7E78D4055943}"
EndProject
Project("{9A19103F-16F7-4668-BE54-9A1E7A4F7556}") = "Presentation.Discord.UnitTests", "Tests\Presentation.Discord.UnitTests\Presentation.Discord.UnitTests.csproj", "{2B9ABDEA-28A7-4889-9428-823808D73559}"
EndProject
Project("{9A19103F-16F7-4668-BE54-9A1E7A4F7556}") = "Presentation.Discord", "Presentation.Discord\Presentation.Discord.csproj", "{CE07EE1C-8586-460C-9DE0-4CAA2BEBCE9E}"
EndProject
Project("{9A19103F-16F7-4668-BE54-9A1E7A4F7556}") = "Presentation.Blazor", "Presentation.Blazor\Presentation.Blazor.csproj", "{8236D2F5-43A7-453D-8E6C-95968F0832E5}"
EndProject
Project("{9A19103F-16F7-4668-BE54-9A1E7A4F7556}") = "Presentation.Blazor.UnitTests", "Tests\Presentation.Blazor.UnitTests\Presentation.Blazor.UnitTests.csproj", "{42A62F85-B92C-49B9-AAF8-D901C9A2D291}"
EndProject
Global
	GlobalSection(SolutionConfigurationPlatforms) = preSolution
		Debug|Any CPU = Debug|Any CPU
		Release|Any CPU = Release|Any CPU
	EndGlobalSection
	GlobalSection(ProjectConfigurationPlatforms) = postSolution
		{72B6BA55-D2A4-47C0-ACFB-F1CB7EBE409E}.Debug|Any CPU.ActiveCfg = Debug|Any CPU
		{72B6BA55-D2A4-47C0-ACFB-F1CB7EBE409E}.Release|Any CPU.ActiveCfg = Release|Any CPU
		{F0C5A4F8-339E-46E5-9DC7-947EF290AF97}.Debug|Any CPU.ActiveCfg = Debug|Any CPU
		{F0C5A4F8-339E-46E5-9DC7-947EF290AF97}.Debug|Any CPU.Build.0 = Debug|Any CPU
		{F0C5A4F8-339E-46E5-9DC7-947EF290AF97}.Release|Any CPU.ActiveCfg = Release|Any CPU
		{F0C5A4F8-339E-46E5-9DC7-947EF290AF97}.Release|Any CPU.Build.0 = Release|Any CPU
		{F667A12D-6F24-4DCC-8A83-D58F7878E638}.Debug|Any CPU.ActiveCfg = Debug|Any CPU
		{F667A12D-6F24-4DCC-8A83-D58F7878E638}.Debug|Any CPU.Build.0 = Debug|Any CPU
		{F667A12D-6F24-4DCC-8A83-D58F7878E638}.Release|Any CPU.ActiveCfg = Release|Any CPU
		{F667A12D-6F24-4DCC-8A83-D58F7878E638}.Release|Any CPU.Build.0 = Release|Any CPU
		{AAAE1A73-CA5B-4931-A607-7760FE85C85B}.Debug|Any CPU.ActiveCfg = Debug|Any CPU
		{AAAE1A73-CA5B-4931-A607-7760FE85C85B}.Debug|Any CPU.Build.0 = Debug|Any CPU
		{AAAE1A73-CA5B-4931-A607-7760FE85C85B}.Release|Any CPU.ActiveCfg = Release|Any CPU
		{AAAE1A73-CA5B-4931-A607-7760FE85C85B}.Release|Any CPU.Build.0 = Release|Any CPU
		{6094984C-66F7-4F05-A7EA-9A50B256D135}.Debug|Any CPU.ActiveCfg = Debug|Any CPU
		{6094984C-66F7-4F05-A7EA-9A50B256D135}.Debug|Any CPU.Build.0 = Debug|Any CPU
		{6094984C-66F7-4F05-A7EA-9A50B256D135}.Release|Any CPU.ActiveCfg = Release|Any CPU
		{6094984C-66F7-4F05-A7EA-9A50B256D135}.Release|Any CPU.Build.0 = Release|Any CPU
		{3CEB8486-1922-412A-B485-D9AED0910931}.Debug|Any CPU.ActiveCfg = Debug|Any CPU
		{3CEB8486-1922-412A-B485-D9AED0910931}.Debug|Any CPU.Build.0 = Debug|Any CPU
		{3CEB8486-1922-412A-B485-D9AED0910931}.Release|Any CPU.ActiveCfg = Release|Any CPU
		{3CEB8486-1922-412A-B485-D9AED0910931}.Release|Any CPU.Build.0 = Release|Any CPU
		{AB1F0C9E-EFEE-49E8-98AA-C0D8DC6ED8F8}.Debug|Any CPU.ActiveCfg = Debug|Any CPU
		{AB1F0C9E-EFEE-49E8-98AA-C0D8DC6ED8F8}.Debug|Any CPU.Build.0 = Debug|Any CPU
		{AB1F0C9E-EFEE-49E8-98AA-C0D8DC6ED8F8}.Release|Any CPU.ActiveCfg = Release|Any CPU
		{AB1F0C9E-EFEE-49E8-98AA-C0D8DC6ED8F8}.Release|Any CPU.Build.0 = Release|Any CPU
		{63306C1F-3D2D-419F-8B28-96B9B7C38693}.Debug|Any CPU.ActiveCfg = Debug|Any CPU
		{63306C1F-3D2D-419F-8B28-96B9B7C38693}.Debug|Any CPU.Build.0 = Debug|Any CPU
		{63306C1F-3D2D-419F-8B28-96B9B7C38693}.Release|Any CPU.ActiveCfg = Release|Any CPU
		{63306C1F-3D2D-419F-8B28-96B9B7C38693}.Release|Any CPU.Build.0 = Release|Any CPU
		{0DBF7DD7-B82E-4846-871D-3499EA905ACE}.Debug|Any CPU.ActiveCfg = Debug|Any CPU
		{0DBF7DD7-B82E-4846-871D-3499EA905ACE}.Debug|Any CPU.Build.0 = Debug|Any CPU
		{0DBF7DD7-B82E-4846-871D-3499EA905ACE}.Release|Any CPU.ActiveCfg = Release|Any CPU
		{0DBF7DD7-B82E-4846-871D-3499EA905ACE}.Release|Any CPU.Build.0 = Release|Any CPU
		{F5AC0D45-D594-4143-83A4-B6C94FED1D51}.Debug|Any CPU.ActiveCfg = Debug|Any CPU
		{F5AC0D45-D594-4143-83A4-B6C94FED1D51}.Debug|Any CPU.Build.0 = Debug|Any CPU
		{F5AC0D45-D594-4143-83A4-B6C94FED1D51}.Release|Any CPU.ActiveCfg = Release|Any CPU
		{F5AC0D45-D594-4143-83A4-B6C94FED1D51}.Release|Any CPU.Build.0 = Release|Any CPU
		{29EBB922-597B-48CA-A8BE-7E78D4055943}.Debug|Any CPU.ActiveCfg = Debug|Any CPU
		{29EBB922-597B-48CA-A8BE-7E78D4055943}.Debug|Any CPU.Build.0 = Debug|Any CPU
		{29EBB922-597B-48CA-A8BE-7E78D4055943}.Release|Any CPU.ActiveCfg = Release|Any CPU
		{29EBB922-597B-48CA-A8BE-7E78D4055943}.Release|Any CPU.Build.0 = Release|Any CPU
		{2B9ABDEA-28A7-4889-9428-823808D73559}.Debug|Any CPU.ActiveCfg = Debug|Any CPU
		{2B9ABDEA-28A7-4889-9428-823808D73559}.Debug|Any CPU.Build.0 = Debug|Any CPU
		{2B9ABDEA-28A7-4889-9428-823808D73559}.Release|Any CPU.ActiveCfg = Release|Any CPU
		{2B9ABDEA-28A7-4889-9428-823808D73559}.Release|Any CPU.Build.0 = Release|Any CPU
		{CE07EE1C-8586-460C-9DE0-4CAA2BEBCE9E}.Debug|Any CPU.ActiveCfg = Debug|Any CPU
		{CE07EE1C-8586-460C-9DE0-4CAA2BEBCE9E}.Debug|Any CPU.Build.0 = Debug|Any CPU
		{CE07EE1C-8586-460C-9DE0-4CAA2BEBCE9E}.Release|Any CPU.ActiveCfg = Release|Any CPU
		{CE07EE1C-8586-460C-9DE0-4CAA2BEBCE9E}.Release|Any CPU.Build.0 = Release|Any CPU
		{8236D2F5-43A7-453D-8E6C-95968F0832E5}.Debug|Any CPU.ActiveCfg = Debug|Any CPU
		{8236D2F5-43A7-453D-8E6C-95968F0832E5}.Debug|Any CPU.Build.0 = Debug|Any CPU
		{8236D2F5-43A7-453D-8E6C-95968F0832E5}.Release|Any CPU.ActiveCfg = Release|Any CPU
		{8236D2F5-43A7-453D-8E6C-95968F0832E5}.Release|Any CPU.Build.0 = Release|Any CPU
		{42A62F85-B92C-49B9-AAF8-D901C9A2D291}.Debug|Any CPU.ActiveCfg = Debug|Any CPU
		{42A62F85-B92C-49B9-AAF8-D901C9A2D291}.Debug|Any CPU.Build.0 = Debug|Any CPU
		{42A62F85-B92C-49B9-AAF8-D901C9A2D291}.Release|Any CPU.ActiveCfg = Release|Any CPU
		{42A62F85-B92C-49B9-AAF8-D901C9A2D291}.Release|Any CPU.Build.0 = Release|Any CPU
	EndGlobalSection
	GlobalSection(SolutionProperties) = preSolution
		HideSolutionNode = FALSE
	EndGlobalSection
	GlobalSection(NestedProjects) = preSolution
		{3FAF4C0E-EE11-462F-B392-AD316B128925} = {6EE7E364-95CA-49D3-A690-9ADF32E1A2F3}
		{D24AEC28-E316-4806-8D67-25DBEBDFAB5F} = {3FAF4C0E-EE11-462F-B392-AD316B128925}
		{1FE75E15-96E3-4D71-B261-0BEE661AB24F} = {D24AEC28-E316-4806-8D67-25DBEBDFAB5F}
		{72B6BA55-D2A4-47C0-ACFB-F1CB7EBE409E} = {A03391D5-B158-4699-AB1E-6174B1FDCA23}
		{F0C5A4F8-339E-46E5-9DC7-947EF290AF97} = {60171FE7-B64C-4A1F-AA88-A357A9B8E032}
		{F667A12D-6F24-4DCC-8A83-D58F7878E638} = {60171FE7-B64C-4A1F-AA88-A357A9B8E032}
		{AAAE1A73-CA5B-4931-A607-7760FE85C85B} = {89673E5C-BB19-458A-AEAA-FF05BA5CA0FA}
		{0DBF7DD7-B82E-4846-871D-3499EA905ACE} = {60171FE7-B64C-4A1F-AA88-A357A9B8E032}
		{F5AC0D45-D594-4143-83A4-B6C94FED1D51} = {60171FE7-B64C-4A1F-AA88-A357A9B8E032}
		{29EBB922-597B-48CA-A8BE-7E78D4055943} = {89673E5C-BB19-458A-AEAA-FF05BA5CA0FA}
		{2B9ABDEA-28A7-4889-9428-823808D73559} = {89673E5C-BB19-458A-AEAA-FF05BA5CA0FA}
		{CE07EE1C-8586-460C-9DE0-4CAA2BEBCE9E} = {89673E5C-BB19-458A-AEAA-FF05BA5CA0FA}
		{8236D2F5-43A7-453D-8E6C-95968F0832E5} = {89673E5C-BB19-458A-AEAA-FF05BA5CA0FA}
		{42A62F85-B92C-49B9-AAF8-D901C9A2D291} = {89673E5C-BB19-458A-AEAA-FF05BA5CA0FA}
	EndGlobalSection
	GlobalSection(ExtensibilityGlobals) = postSolution
		SolutionGuid = {1FCEFF59-6A16-4659-A3F5-35E3F02BF9AE}
	EndGlobalSection
EndGlobal
